
Microsoft Visual Studio Solution File, Format Version 12.00
# Visual Studio Version 17
VisualStudioVersion = 17.4.33015.44
MinimumVisualStudioVersion = 10.0.40219.1
Project("{FAE04EC0-301F-11D3-BF4B-00C04F79EFBC}") = "System-Obslugi-Lini-Lotniczych", "System-Obslugi-Lini-Lotniczych\System-Obslugi-Lini-Lotniczych.csproj", "{9BECEA83-EF2B-422C-90C4-F2EF67183C85}"
EndProject
Global
	GlobalSection(SolutionConfigurationPlatforms) = preSolution
		Debug|Any CPU = Debug|Any CPU
		Release|Any CPU = Release|Any CPU
	EndGlobalSection
	GlobalSection(ProjectConfigurationPlatforms) = postSolution
		{9BECEA83-EF2B-422C-90C4-F2EF67183C85}.Debug|Any CPU.ActiveCfg = Debug|Any CPU
		{9BECEA83-EF2B-422C-90C4-F2EF67183C85}.Debug|Any CPU.Build.0 = Debug|Any CPU
		{9BECEA83-EF2B-422C-90C4-F2EF67183C85}.Release|Any CPU.ActiveCfg = Release|Any CPU
		{9BECEA83-EF2B-422C-90C4-F2EF67183C85}.Release|Any CPU.Build.0 = Release|Any CPU
	EndGlobalSection
	GlobalSection(SolutionProperties) = preSolution
		HideSolutionNode = FALSE
	EndGlobalSection
	GlobalSection(ExtensibilityGlobals) = postSolution
		SolutionGuid = {6937F5E0-96C3-41B8-A54B-4D9F1AD1DD1D}
	EndGlobalSection
EndGlobal
